
Microsoft Visual Studio Solution File, Format Version 12.00
# Visual Studio Version 16
VisualStudioVersion = 16.0.31624.102
MinimumVisualStudioVersion = 10.0.40219.1
Project("{FAE04EC0-301F-11D3-BF4B-00C04F79EFBC}") = "EjRepaso2", "EjRepaso2\EjRepaso2.csproj", "{5CBE269E-9129-4B5A-AB36-CD352C5E3F2F}"
EndProject
Global
	GlobalSection(SolutionConfigurationPlatforms) = preSolution
		Debug|Any CPU = Debug|Any CPU
		Release|Any CPU = Release|Any CPU
	EndGlobalSection
	GlobalSection(ProjectConfigurationPlatforms) = postSolution
		{5CBE269E-9129-4B5A-AB36-CD352C5E3F2F}.Debug|Any CPU.ActiveCfg = Debug|Any CPU
		{5CBE269E-9129-4B5A-AB36-CD352C5E3F2F}.Debug|Any CPU.Build.0 = Debug|Any CPU
		{5CBE269E-9129-4B5A-AB36-CD352C5E3F2F}.Release|Any CPU.ActiveCfg = Release|Any CPU
		{5CBE269E-9129-4B5A-AB36-CD352C5E3F2F}.Release|Any CPU.Build.0 = Release|Any CPU
	EndGlobalSection
	GlobalSection(SolutionProperties) = preSolution
		HideSolutionNode = FALSE
	EndGlobalSection
	GlobalSection(ExtensibilityGlobals) = postSolution
		SolutionGuid = {3C12B0B0-CD2B-4BEE-816C-2375FF7EA975}
	EndGlobalSection
EndGlobal
